
Microsoft Visual Studio Solution File, Format Version 12.00
# Visual Studio Version 16
VisualStudioVersion = 16.0.31911.196
MinimumVisualStudioVersion = 10.0.40219.1
Project("{FAE04EC0-301F-11D3-BF4B-00C04F79EFBC}") = "LogINForm", "LogINForm\LogINForm.csproj", "{2014D430-C638-48DC-B44D-66C7AE4D4BCE}"
EndProject
Global
	GlobalSection(SolutionConfigurationPlatforms) = preSolution
		Debug|Any CPU = Debug|Any CPU
		Release|Any CPU = Release|Any CPU
	EndGlobalSection
	GlobalSection(ProjectConfigurationPlatforms) = postSolution
		{2014D430-C638-48DC-B44D-66C7AE4D4BCE}.Debug|Any CPU.ActiveCfg = Debug|Any CPU
		{2014D430-C638-48DC-B44D-66C7AE4D4BCE}.Debug|Any CPU.Build.0 = Debug|Any CPU
		{2014D430-C638-48DC-B44D-66C7AE4D4BCE}.Release|Any CPU.ActiveCfg = Release|Any CPU
		{2014D430-C638-48DC-B44D-66C7AE4D4BCE}.Release|Any CPU.Build.0 = Release|Any CPU
	EndGlobalSection
	GlobalSection(SolutionProperties) = preSolution
		HideSolutionNode = FALSE
	EndGlobalSection
	GlobalSection(ExtensibilityGlobals) = postSolution
		SolutionGuid = {22684B8E-BC95-485C-A410-C06E02732AB8}
	EndGlobalSection
EndGlobal
